<?xml version="1.0" encoding="utf-8"?>
<Project ToolsVersion="4.0" xmlns="http://schemas.microsoft.com/developer/msbuild/2003">
  <ItemGroup>
    <Filter Include="Source Files">
      <UniqueIdentifier>{4FC737F1-C7A5-4376-A066-2A32D752A2FF}</UniqueIdentifier>
      <Extensions>cpp;c;cc;cxx;def;odl;idl;hpj;bat;asm;asmx</Extensions>
    </Filter>
    <Filter Include="Header Files">
      <UniqueIdentifier>{93995380-89BD-4b04-88EB-625FBE52EBFB}</UniqueIdentifier>
      <Extensions>h;hpp;hxx;hm;inl;inc;xsd</Extensions>
    </Filter>
    <Filter Include="Resource Files">
      <UniqueIdentifier>{67DA6AB6-F800-4c08-8B7A-83BB121AAD01}</UniqueIdentifier>
      <Extensions>rc;ico;cur;bmp;dlg;rc2;rct;bin;rgs;gif;jpg;jpeg;jpe;resx;tiff;tif;png;wav</Extensions>
    </Filter>
    <Filter Include="talib">
      <UniqueIdentifier>{efb89d08-adca-4ba6-9869-c68f06397309}</UniqueIdentifier>
    </Filter>
    <Filter Include="talib\include">
      <UniqueIdentifier>{46ba3c95-b788-4bf6-8964-4aacc676e2d1}</UniqueIdentifier>
    </Filter>
  </ItemGroup>
  <ItemGroup>
    <ClCompile Include="dllmain.cpp">
      <Filter>Source Files</Filter>
    </ClCompile>
    <ClCompile Include="MdSpi.cpp">
      <Filter>Source Files</Filter>
    </ClCompile>
    <ClCompile Include="stdafx.cpp">
      <Filter>Source Files</Filter>
    </ClCompile>
    <ClCompile Include="inifile.cpp">
      <Filter>Source Files</Filter>
    </ClCompile>
    <ClCompile Include="VNPYMain.cpp">
      <Filter>Source Files</Filter>
    </ClCompile>
  </ItemGroup>
  <ItemGroup>
    <ClInclude Include="MdSpi.h">
      <Filter>Header Files</Filter>
    </ClInclude>
    <ClInclude Include="stdafx.h">
      <Filter>Header Files</Filter>
    </ClInclude>
    <ClInclude Include="targetver.h">
      <Filter>Header Files</Filter>
    </ClInclude>
    <ClInclude Include="talib\include\ta_func.h">
      <Filter>talib\include</Filter>
    </ClInclude>
    <ClInclude Include="talib\include\ta_libc.h">
      <Filter>talib\include</Filter>
    </ClInclude>
    <ClInclude Include="talib\include\ta_abstract.h">
      <Filter>talib\include</Filter>
    </ClInclude>
    <ClInclude Include="talib\include\ta_common.h">
      <Filter>talib\include</Filter>
    </ClInclude>
    <ClInclude Include="talib\include\ta_defs.h">
      <Filter>talib\include</Filter>
    </ClInclude>
    <ClInclude Include="def.h">
      <Filter>Source Files</Filter>
    </ClInclude>
    <ClInclude Include="IniFile.h">
      <Filter>Header Files</Filter>
    </ClInclude>
    <ClInclude Include="mapdef.h">
      <Filter>Header Files</Filter>
    </ClInclude>
    <ClInclude Include="Interface.h">
      <Filter>Header Files</Filter>
    </ClInclude>
  </ItemGroup>
</Project>